
Microsoft Visual Studio Solution File, Format Version 12.00
# Visual Studio Version 17
VisualStudioVersion = 17.6.33723.286
MinimumVisualStudioVersion = 10.0.40219.1
Project("{2150E333-8FDC-42A3-9474-1A3956D46DE8}") = "tye", "tye", "{33BFFB40-CDC6-45FB-8A03-7011C049643C}"
	ProjectSection(SolutionItems) = preProject
		tye-working.yaml = tye-working.yaml
		tye.yaml = tye.yaml
	EndProjectSection
EndProject
Project("{2150E333-8FDC-42A3-9474-1A3956D46DE8}") = "components", "components", "{7B3ED151-BC56-4D13-82D5-46A9C5281DD2}"
	ProjectSection(SolutionItems) = preProject
		tye\components\config.yaml = tye\components\config.yaml
		components\pubsub.yaml = components\pubsub.yaml
		components\statestore.yaml = components\statestore.yaml
	EndProjectSection
EndProject
Project("{2150E333-8FDC-42A3-9474-1A3956D46DE8}") = "src", "src", "{615BE156-4BE4-46A3-A31E-99E51DC8A5E0}"
EndProject
Project("{2150E333-8FDC-42A3-9474-1A3956D46DE8}") = "Transports", "Transports", "{B90F349C-CF05-458A-A754-B78B361031EC}"
EndProject
Project("{2150E333-8FDC-42A3-9474-1A3956D46DE8}") = "Web", "Web", "{E97B1932-5EE9-404F-B1FB-B51B30E420D8}"
EndProject
Project("{2150E333-8FDC-42A3-9474-1A3956D46DE8}") = "Apps", "Apps", "{D254F2C8-7F28-4895-82B9-A0D571BA8A71}"
EndProject
Project("{2150E333-8FDC-42A3-9474-1A3956D46DE8}") = "Frontend", "Frontend", "{3AA8F5BE-B1EB-45DC-8D89-C3A74D12CA25}"
EndProject
Project("{9A19103F-16F7-4668-BE54-9A1E7A4F7556}") = "Frontend", "src\Web\Apps\Frontend\Frontend.csproj", "{2DD510C2-DCDC-4F6D-9BDE-783582165481}"
EndProject
Project("{2150E333-8FDC-42A3-9474-1A3956D46DE8}") = "Apis", "Apis", "{725244AF-1237-4DFA-A0DD-643D7FD47669}"
EndProject
Project("{2150E333-8FDC-42A3-9474-1A3956D46DE8}") = "backend", "backend", "{9E240291-CFBF-480B-93A8-D2914DE97F1F}"
EndProject
Project("{9A19103F-16F7-4668-BE54-9A1E7A4F7556}") = "backend", "src\Transports\Apis\backend\backend.csproj", "{B1967F97-1A9F-4F07-A678-9601AA0DF482}"
EndProject
Project("{2150E333-8FDC-42A3-9474-1A3956D46DE8}") = "Daemons", "Daemons", "{7A6845D4-0F4C-4E5A-A23B-1324F42A482E}"
EndProject
Project("{2150E333-8FDC-42A3-9474-1A3956D46DE8}") = "Accounts", "Accounts", "{5EF7CFB2-3A49-4077-85FF-DC1B460B5057}"
EndProject
Project("{9A19103F-16F7-4668-BE54-9A1E7A4F7556}") = "Microservices.Worker.Accounts", "src\Daemons\AccountsWorker\Microservices.Worker.Accounts.csproj", "{80D25431-4B33-498A-B60E-3CB6578923A2}"
EndProject
Project("{2150E333-8FDC-42A3-9474-1A3956D46DE8}") = "Foundation", "Foundation", "{75EF0A03-DE03-458B-A078-2CDB81A15F0F}"
EndProject
Project("{9A19103F-16F7-4668-BE54-9A1E7A4F7556}") = "Microservices.Foundation.ContentTypes", "src\Foundation\FoundationContentTypes\Microservices.Foundation.ContentTypes.csproj", "{E50DF4F8-E801-4A83-AF9B-86F7E5ABAA1A}"
EndProject
Project("{2150E333-8FDC-42A3-9474-1A3956D46DE8}") = "BuildingBlocks", "BuildingBlocks", "{92BF0F73-ED89-4974-8840-193DBB17D1CD}"
EndProject
Project("{2150E333-8FDC-42A3-9474-1A3956D46DE8}") = "EventBus", "EventBus", "{8C1F3D31-2DE3-4BD6-BD98-273DC92CECBD}"
EndProject
Project("{9A19103F-16F7-4668-BE54-9A1E7A4F7556}") = "EventBus", "src\BuildingBlocks\EventBus\EventBus.csproj", "{BF1CE67C-6985-4D15-B12C-B0D825D8FEAE}"
EndProject
Project("{2150E333-8FDC-42A3-9474-1A3956D46DE8}") = "Grpcs", "Grpcs", "{A932EF7B-6E7B-4432-B86C-8D8AF48029BA}"
EndProject
Project("{2150E333-8FDC-42A3-9474-1A3956D46DE8}") = "Accounts", "Accounts", "{086EF0BB-8DEE-4E86-BDB3-3030B2943C5B}"
EndProject
Project("{9A19103F-16F7-4668-BE54-9A1E7A4F7556}") = "Microservices.Grpc.Accounts", "src\Transports\Grpcs\Accounts\Microservices.Grpc.Accounts.csproj", "{E41F0BAE-1770-49E2-B301-913D3BE47BD4}"
EndProject
Project("{2150E333-8FDC-42A3-9474-1A3956D46DE8}") = "Contracts", "Contracts", "{E8E71FAD-42FC-43D0-9C1F-4815DC08AB42}"
EndProject
Project("{2150E333-8FDC-42A3-9474-1A3956D46DE8}") = "Accounts", "Accounts", "{94459818-43A3-4624-B33D-C7815C67C17A}"
EndProject
Project("{9A19103F-16F7-4668-BE54-9A1E7A4F7556}") = "Microservices.Grpc.Accounts.Contracts", "src\Foundation\Contracts\Accounts\Microservices.Grpc.Accounts.Contracts.csproj", "{16EEF2CD-A068-4505-BF8F-B7A4BA97D024}"
EndProject
Global
	GlobalSection(SolutionConfigurationPlatforms) = preSolution
		Debug|Any CPU = Debug|Any CPU
		Release|Any CPU = Release|Any CPU
	EndGlobalSection
	GlobalSection(ProjectConfigurationPlatforms) = postSolution
		{2DD510C2-DCDC-4F6D-9BDE-783582165481}.Debug|Any CPU.ActiveCfg = Debug|Any CPU
		{2DD510C2-DCDC-4F6D-9BDE-783582165481}.Debug|Any CPU.Build.0 = Debug|Any CPU
		{2DD510C2-DCDC-4F6D-9BDE-783582165481}.Release|Any CPU.ActiveCfg = Release|Any CPU
		{2DD510C2-DCDC-4F6D-9BDE-783582165481}.Release|Any CPU.Build.0 = Release|Any CPU
		{B1967F97-1A9F-4F07-A678-9601AA0DF482}.Debug|Any CPU.ActiveCfg = Debug|Any CPU
		{B1967F97-1A9F-4F07-A678-9601AA0DF482}.Debug|Any CPU.Build.0 = Debug|Any CPU
		{B1967F97-1A9F-4F07-A678-9601AA0DF482}.Release|Any CPU.ActiveCfg = Release|Any CPU
		{B1967F97-1A9F-4F07-A678-9601AA0DF482}.Release|Any CPU.Build.0 = Release|Any CPU
		{80D25431-4B33-498A-B60E-3CB6578923A2}.Debug|Any CPU.ActiveCfg = Debug|Any CPU
		{80D25431-4B33-498A-B60E-3CB6578923A2}.Debug|Any CPU.Build.0 = Debug|Any CPU
		{80D25431-4B33-498A-B60E-3CB6578923A2}.Release|Any CPU.ActiveCfg = Release|Any CPU
		{80D25431-4B33-498A-B60E-3CB6578923A2}.Release|Any CPU.Build.0 = Release|Any CPU
		{E50DF4F8-E801-4A83-AF9B-86F7E5ABAA1A}.Debug|Any CPU.ActiveCfg = Debug|Any CPU
		{E50DF4F8-E801-4A83-AF9B-86F7E5ABAA1A}.Debug|Any CPU.Build.0 = Debug|Any CPU
		{E50DF4F8-E801-4A83-AF9B-86F7E5ABAA1A}.Release|Any CPU.ActiveCfg = Release|Any CPU
		{E50DF4F8-E801-4A83-AF9B-86F7E5ABAA1A}.Release|Any CPU.Build.0 = Release|Any CPU
		{BF1CE67C-6985-4D15-B12C-B0D825D8FEAE}.Debug|Any CPU.ActiveCfg = Debug|Any CPU
		{BF1CE67C-6985-4D15-B12C-B0D825D8FEAE}.Debug|Any CPU.Build.0 = Debug|Any CPU
		{BF1CE67C-6985-4D15-B12C-B0D825D8FEAE}.Release|Any CPU.ActiveCfg = Release|Any CPU
		{BF1CE67C-6985-4D15-B12C-B0D825D8FEAE}.Release|Any CPU.Build.0 = Release|Any CPU
		{E41F0BAE-1770-49E2-B301-913D3BE47BD4}.Debug|Any CPU.ActiveCfg = Debug|Any CPU
		{E41F0BAE-1770-49E2-B301-913D3BE47BD4}.Debug|Any CPU.Build.0 = Debug|Any CPU
		{E41F0BAE-1770-49E2-B301-913D3BE47BD4}.Release|Any CPU.ActiveCfg = Release|Any CPU
		{E41F0BAE-1770-49E2-B301-913D3BE47BD4}.Release|Any CPU.Build.0 = Release|Any CPU
		{16EEF2CD-A068-4505-BF8F-B7A4BA97D024}.Debug|Any CPU.ActiveCfg = Debug|Any CPU
		{16EEF2CD-A068-4505-BF8F-B7A4BA97D024}.Debug|Any CPU.Build.0 = Debug|Any CPU
		{16EEF2CD-A068-4505-BF8F-B7A4BA97D024}.Release|Any CPU.ActiveCfg = Release|Any CPU
		{16EEF2CD-A068-4505-BF8F-B7A4BA97D024}.Release|Any CPU.Build.0 = Release|Any CPU
	EndGlobalSection
	GlobalSection(SolutionProperties) = preSolution
		HideSolutionNode = FALSE
	EndGlobalSection
	GlobalSection(NestedProjects) = preSolution
		{B90F349C-CF05-458A-A754-B78B361031EC} = {615BE156-4BE4-46A3-A31E-99E51DC8A5E0}
		{E97B1932-5EE9-404F-B1FB-B51B30E420D8} = {615BE156-4BE4-46A3-A31E-99E51DC8A5E0}
		{D254F2C8-7F28-4895-82B9-A0D571BA8A71} = {E97B1932-5EE9-404F-B1FB-B51B30E420D8}
		{3AA8F5BE-B1EB-45DC-8D89-C3A74D12CA25} = {D254F2C8-7F28-4895-82B9-A0D571BA8A71}
		{2DD510C2-DCDC-4F6D-9BDE-783582165481} = {3AA8F5BE-B1EB-45DC-8D89-C3A74D12CA25}
		{725244AF-1237-4DFA-A0DD-643D7FD47669} = {B90F349C-CF05-458A-A754-B78B361031EC}
		{9E240291-CFBF-480B-93A8-D2914DE97F1F} = {725244AF-1237-4DFA-A0DD-643D7FD47669}
		{B1967F97-1A9F-4F07-A678-9601AA0DF482} = {9E240291-CFBF-480B-93A8-D2914DE97F1F}
		{7A6845D4-0F4C-4E5A-A23B-1324F42A482E} = {615BE156-4BE4-46A3-A31E-99E51DC8A5E0}
		{5EF7CFB2-3A49-4077-85FF-DC1B460B5057} = {7A6845D4-0F4C-4E5A-A23B-1324F42A482E}
		{80D25431-4B33-498A-B60E-3CB6578923A2} = {5EF7CFB2-3A49-4077-85FF-DC1B460B5057}
		{75EF0A03-DE03-458B-A078-2CDB81A15F0F} = {615BE156-4BE4-46A3-A31E-99E51DC8A5E0}
		{E50DF4F8-E801-4A83-AF9B-86F7E5ABAA1A} = {75EF0A03-DE03-458B-A078-2CDB81A15F0F}
		{92BF0F73-ED89-4974-8840-193DBB17D1CD} = {615BE156-4BE4-46A3-A31E-99E51DC8A5E0}
		{8C1F3D31-2DE3-4BD6-BD98-273DC92CECBD} = {92BF0F73-ED89-4974-8840-193DBB17D1CD}
		{BF1CE67C-6985-4D15-B12C-B0D825D8FEAE} = {8C1F3D31-2DE3-4BD6-BD98-273DC92CECBD}
		{A932EF7B-6E7B-4432-B86C-8D8AF48029BA} = {B90F349C-CF05-458A-A754-B78B361031EC}
		{086EF0BB-8DEE-4E86-BDB3-3030B2943C5B} = {A932EF7B-6E7B-4432-B86C-8D8AF48029BA}
		{E41F0BAE-1770-49E2-B301-913D3BE47BD4} = {086EF0BB-8DEE-4E86-BDB3-3030B2943C5B}
		{E8E71FAD-42FC-43D0-9C1F-4815DC08AB42} = {75EF0A03-DE03-458B-A078-2CDB81A15F0F}
		{94459818-43A3-4624-B33D-C7815C67C17A} = {E8E71FAD-42FC-43D0-9C1F-4815DC08AB42}
		{16EEF2CD-A068-4505-BF8F-B7A4BA97D024} = {94459818-43A3-4624-B33D-C7815C67C17A}
	EndGlobalSection
	GlobalSection(ExtensibilityGlobals) = postSolution
		SolutionGuid = {9C00B459-6733-4CBE-BA89-49FA16255FAC}
	EndGlobalSection
EndGlobal
